// !$*UTF8*$!
{
	archiveVersion = 1;
	classes = {
	};
	objectVersion = 77;
	objects = {

/* Begin PBXBuildFile section */
		0BC95B602CD68AAE0074CCE9 /* PureSwiftUI in Frameworks */ = {isa = PBXBuildFile; productRef = 0BC95B5F2CD68AAE0074CCE9 /* PureSwiftUI */; };
/* End PBXBuildFile section */

/* Begin PBXContainerItemProxy section */
		0BF1CDB22CB7D52F00A1A75F /* PBXContainerItemProxy */ = {
			isa = PBXContainerItemProxy;
			containerPortal = 0BF1CD992CB7D52D00A1A75F /* Project object */;
			proxyType = 1;
			remoteGlobalIDString = 0BF1CDA02CB7D52D00A1A75F;
			remoteInfo = ValoHub;
		};
		0BF1CDBC2CB7D52F00A1A75F /* PBXContainerItemProxy */ = {
			isa = PBXContainerItemProxy;
			containerPortal = 0BF1CD992CB7D52D00A1A75F /* Project object */;
			proxyType = 1;
			remoteGlobalIDString = 0BF1CDA02CB7D52D00A1A75F;
			remoteInfo = ValoHub;
		};
/* End PBXContainerItemProxy section */

/* Begin PBXFileReference section */
		0BF1CDA12CB7D52D00A1A75F /* ValoHub.app */ = {isa = PBXFileReference; explicitFileType = wrapper.application; includeInIndex = 0; path = ValoHub.app; sourceTree = BUILT_PRODUCTS_DIR; };
		0BF1CDB12CB7D52F00A1A75F /* ValoHubTests.xctest */ = {isa = PBXFileReference; explicitFileType = wrapper.cfbundle; includeInIndex = 0; path = ValoHubTests.xctest; sourceTree = BUILT_PRODUCTS_DIR; };
		0BF1CDBB2CB7D52F00A1A75F /* ValoHubUITests.xctest */ = {isa = PBXFileReference; explicitFileType = wrapper.cfbundle; includeInIndex = 0; path = ValoHubUITests.xctest; sourceTree = BUILT_PRODUCTS_DIR; };
/* End PBXFileReference section */

/* Begin PBXFileSystemSynchronizedRootGroup section */
		0BF1CDA32CB7D52D00A1A75F /* ValoHub */ = {
			isa = PBXFileSystemSynchronizedRootGroup;
			path = ValoHub;
			sourceTree = "<group>";
		};
		0BF1CDB42CB7D52F00A1A75F /* ValoHubTests */ = {
			isa = PBXFileSystemSynchronizedRootGroup;
			path = ValoHubTests;
			sourceTree = "<group>";
		};
		0BF1CDBE2CB7D52F00A1A75F /* ValoHubUITests */ = {
			isa = PBXFileSystemSynchronizedRootGroup;
			path = ValoHubUITests;
			sourceTree = "<group>";
		};
/* End PBXFileSystemSynchronizedRootGroup section */

/* Begin PBXFrameworksBuildPhase section */
		0BF1CD9E2CB7D52D00A1A75F /* Frameworks */ = {
			isa = PBXFrameworksBuildPhase;
			buildActionMask = 2147483647;
			files = (
				0BC95B602CD68AAE0074CCE9 /* PureSwiftUI in Frameworks */,
			);
			runOnlyForDeploymentPostprocessing = 0;
		};
		0BF1CDAE2CB7D52F00A1A75F /* Frameworks */ = {
			isa = PBXFrameworksBuildPhase;
			buildActionMask = 2147483647;
			files = (
			);
			runOnlyForDeploymentPostprocessing = 0;
		};
		0BF1CDB82CB7D52F00A1A75F /* Frameworks */ = {
			isa = PBXFrameworksBuildPhase;
			buildActionMask = 2147483647;
			files = (
			);
			runOnlyForDeploymentPostprocessing = 0;
		};
/* End PBXFrameworksBuildPhase section */

/* Begin PBXGroup section */
		0BF1CD982CB7D52D00A1A75F = {
			isa = PBXGroup;
			children = (
				0BF1CDA32CB7D52D00A1A75F /* ValoHub */,
				0BF1CDB42CB7D52F00A1A75F /* ValoHubTests */,
				0BF1CDBE2CB7D52F00A1A75F /* ValoHubUITests */,
				0BF1CDA22CB7D52D00A1A75F /* Products */,
			);
			sourceTree = "<group>";
		};
		0BF1CDA22CB7D52D00A1A75F /* Products */ = {
			isa = PBXGroup;
			children = (
				0BF1CDA12CB7D52D00A1A75F /* ValoHub.app */,
				0BF1CDB12CB7D52F00A1A75F /* ValoHubTests.xctest */,
				0BF1CDBB2CB7D52F00A1A75F /* ValoHubUITests.xctest */,
			);
			name = Products;
			sourceTree = "<group>";
		};
/* End PBXGroup section */

/* Begin PBXNativeTarget section */
		0BF1CDA02CB7D52D00A1A75F /* ValoHub */ = {
			isa = PBXNativeTarget;
			buildConfigurationList = 0BF1CDC52CB7D52F00A1A75F /* Build configuration list for PBXNativeTarget "ValoHub" */;
			buildPhases = (
				0BF1CD9D2CB7D52D00A1A75F /* Sources */,
				0BF1CD9E2CB7D52D00A1A75F /* Frameworks */,
				0BF1CD9F2CB7D52D00A1A75F /* Resources */,
			);
			buildRules = (
			);
			dependencies = (
			);
			fileSystemSynchronizedGroups = (
				0BF1CDA32CB7D52D00A1A75F /* ValoHub */,
			);
			name = ValoHub;
			packageProductDependencies = (
				0BC95B5F2CD68AAE0074CCE9 /* PureSwiftUI */,
			);
			productName = ValoHub;
			productReference = 0BF1CDA12CB7D52D00A1A75F /* ValoHub.app */;
			productType = "com.apple.product-type.application";
		};
		0BF1CDB02CB7D52F00A1A75F /* ValoHubTests */ = {
			isa = PBXNativeTarget;
			buildConfigurationList = 0BF1CDC82CB7D52F00A1A75F /* Build configuration list for PBXNativeTarget "ValoHubTests" */;
			buildPhases = (
				0BF1CDAD2CB7D52F00A1A75F /* Sources */,
				0BF1CDAE2CB7D52F00A1A75F /* Frameworks */,
				0BF1CDAF2CB7D52F00A1A75F /* Resources */,
			);
			buildRules = (
			);
			dependencies = (
				0BF1CDB32CB7D52F00A1A75F /* PBXTargetDependency */,
			);
			fileSystemSynchronizedGroups = (
				0BF1CDB42CB7D52F00A1A75F /* ValoHubTests */,
			);
			name = ValoHubTests;
			packageProductDependencies = (
			);
			productName = ValoHubTests;
			productReference = 0BF1CDB12CB7D52F00A1A75F /* ValoHubTests.xctest */;
			productType = "com.apple.product-type.bundle.unit-test";
		};
		0BF1CDBA2CB7D52F00A1A75F /* ValoHubUITests */ = {
			isa = PBXNativeTarget;
			buildConfigurationList = 0BF1CDCB2CB7D52F00A1A75F /* Build configuration list for PBXNativeTarget "ValoHubUITests" */;
			buildPhases = (
				0BF1CDB72CB7D52F00A1A75F /* Sources */,
				0BF1CDB82CB7D52F00A1A75F /* Frameworks */,
				0BF1CDB92CB7D52F00A1A75F /* Resources */,
			);
			buildRules = (
			);
			dependencies = (
				0BF1CDBD2CB7D52F00A1A75F /* PBXTargetDependency */,
			);
			fileSystemSynchronizedGroups = (
				0BF1CDBE2CB7D52F00A1A75F /* ValoHubUITests */,
			);
			name = ValoHubUITests;
			packageProductDependencies = (
			);
			productName = ValoHubUITests;
			productReference = 0BF1CDBB2CB7D52F00A1A75F /* ValoHubUITests.xctest */;
			productType = "com.apple.product-type.bundle.ui-testing";
		};
/* End PBXNativeTarget section */

/* Begin PBXProject section */
		0BF1CD992CB7D52D00A1A75F /* Project object */ = {
			isa = PBXProject;
			attributes = {
				BuildIndependentTargetsInParallel = 1;
				LastSwiftUpdateCheck = 1600;
				LastUpgradeCheck = 1600;
				TargetAttributes = {
					0BF1CDA02CB7D52D00A1A75F = {
						CreatedOnToolsVersion = 16.0;
					};
					0BF1CDB02CB7D52F00A1A75F = {
						CreatedOnToolsVersion = 16.0;
						TestTargetID = 0BF1CDA02CB7D52D00A1A75F;
					};
					0BF1CDBA2CB7D52F00A1A75F = {
						CreatedOnToolsVersion = 16.0;
						TestTargetID = 0BF1CDA02CB7D52D00A1A75F;
					};
				};
			};
			buildConfigurationList = 0BF1CD9C2CB7D52D00A1A75F /* Build configuration list for PBXProject "ValoHub" */;
			developmentRegion = en;
			hasScannedForEncodings = 0;
			knownRegions = (
				en,
				Base,
			);
			mainGroup = 0BF1CD982CB7D52D00A1A75F;
			minimizedProjectReferenceProxies = 1;
			packageReferences = (
				0BC95B5E2CD68AAE0074CCE9 /* XCRemoteSwiftPackageReference "pure-swift-ui" */,
			);
			preferredProjectObjectVersion = 77;
			productRefGroup = 0BF1CDA22CB7D52D00A1A75F /* Products */;
			projectDirPath = "";
			projectRoot = "";
			targets = (
				0BF1CDA02CB7D52D00A1A75F /* ValoHub */,
				0BF1CDB02CB7D52F00A1A75F /* ValoHubTests */,
				0BF1CDBA2CB7D52F00A1A75F /* ValoHubUITests */,
			);
		};
/* End PBXProject section */

/* Begin PBXResourcesBuildPhase section */
		0BF1CD9F2CB7D52D00A1A75F /* Resources */ = {
			isa = PBXResourcesBuildPhase;
			buildActionMask = 2147483647;
			files = (
			);
			runOnlyForDeploymentPostprocessing = 0;
		};
		0BF1CDAF2CB7D52F00A1A75F /* Resources */ = {
			isa = PBXResourcesBuildPhase;
			buildActionMask = 2147483647;
			files = (
			);
			runOnlyForDeploymentPostprocessing = 0;
		};
		0BF1CDB92CB7D52F00A1A75F /* Resources */ = {
			isa = PBXResourcesBuildPhase;
			buildActionMask = 2147483647;
			files = (
			);
			runOnlyForDeploymentPostprocessing = 0;
		};
/* End PBXResourcesBuildPhase section */

/* Begin PBXSourcesBuildPhase section */
		0BF1CD9D2CB7D52D00A1A75F /* Sources */ = {
			isa = PBXSourcesBuildPhase;
			buildActionMask = 2147483647;
			files = (
			);
			runOnlyForDeploymentPostprocessing = 0;
		};
		0BF1CDAD2CB7D52F00A1A75F /* Sources */ = {
			isa = PBXSourcesBuildPhase;
			buildActionMask = 2147483647;
			files = (
			);
			runOnlyForDeploymentPostprocessing = 0;
		};
		0BF1CDB72CB7D52F00A1A75F /* Sources */ = {
			isa = PBXSourcesBuildPhase;
			buildActionMask = 2147483647;
			files = (
			);
			runOnlyForDeploymentPostprocessing = 0;
		};
/* End PBXSourcesBuildPhase section */

/* Begin PBXTargetDependency section */
		0BF1CDB32CB7D52F00A1A75F /* PBXTargetDependency */ = {
			isa = PBXTargetDependency;
			target = 0BF1CDA02CB7D52D00A1A75F /* ValoHub */;
			targetProxy = 0BF1CDB22CB7D52F00A1A75F /* PBXContainerItemProxy */;
		};
		0BF1CDBD2CB7D52F00A1A75F /* PBXTargetDependency */ = {
			isa = PBXTargetDependency;
			target = 0BF1CDA02CB7D52D00A1A75F /* ValoHub */;
			targetProxy = 0BF1CDBC2CB7D52F00A1A75F /* PBXContainerItemProxy */;
		};
/* End PBXTargetDependency section */

/* Begin XCBuildConfiguration section */
		0BF1CDC32CB7D52F00A1A75F /* Debug */ = {
			isa = XCBuildConfiguration;
			buildSettings = {
				ALWAYS_SEARCH_USER_PATHS = NO;
				ASSETCATALOG_COMPILER_GENERATE_SWIFT_ASSET_SYMBOL_EXTENSIONS = YES;
				CLANG_ANALYZER_NONNULL = YES;
				CLANG_ANALYZER_NUMBER_OBJECT_CONVERSION = YES_AGGRESSIVE;
				CLANG_CXX_LANGUAGE_STANDARD = "gnu++20";
				CLANG_ENABLE_MODULES = YES;
				CLANG_ENABLE_OBJC_ARC = YES;
				CLANG_ENABLE_OBJC_WEAK = YES;
				CLANG_WARN_BLOCK_CAPTURE_AUTORELEASING = YES;
				CLANG_WARN_BOOL_CONVERSION = YES;
				CLANG_WARN_COMMA = YES;
				CLANG_WARN_CONSTANT_CONVERSION = YES;
				CLANG_WARN_DEPRECATED_OBJC_IMPLEMENTATIONS = YES;
				CLANG_WARN_DIRECT_OBJC_ISA_USAGE = YES_ERROR;
				CLANG_WARN_DOCUMENTATION_COMMENTS = YES;
				CLANG_WARN_EMPTY_BODY = YES;
				CLANG_WARN_ENUM_CONVERSION = YES;
				CLANG_WARN_INFINITE_RECURSION = YES;
				CLANG_WARN_INT_CONVERSION = YES;
				CLANG_WARN_NON_LITERAL_NULL_CONVERSION = YES;
				CLANG_WARN_OBJC_IMPLICIT_RETAIN_SELF = YES;
				CLANG_WARN_OBJC_LITERAL_CONVERSION = YES;
				CLANG_WARN_OBJC_ROOT_CLASS = YES_ERROR;
				CLANG_WARN_QUOTED_INCLUDE_IN_FRAMEWORK_HEADER = YES;
				CLANG_WARN_RANGE_LOOP_ANALYSIS = YES;
				CLANG_WARN_STRICT_PROTOTYPES = YES;
				CLANG_WARN_SUSPICIOUS_MOVE = YES;
				CLANG_WARN_UNGUARDED_AVAILABILITY = YES_AGGRESSIVE;
				CLANG_WARN_UNREACHABLE_CODE = YES;
				CLANG_WARN__DUPLICATE_METHOD_MATCH = YES;
				COPY_PHASE_STRIP = NO;
				DEBUG_INFORMATION_FORMAT = dwarf;
				ENABLE_STRICT_OBJC_MSGSEND = YES;
				ENABLE_TESTABILITY = YES;
				ENABLE_USER_SCRIPT_SANDBOXING = YES;
				GCC_C_LANGUAGE_STANDARD = gnu17;
				GCC_DYNAMIC_NO_PIC = NO;
				GCC_NO_COMMON_BLOCKS = YES;
				GCC_OPTIMIZATION_LEVEL = 0;
				GCC_PREPROCESSOR_DEFINITIONS = (
					"DEBUG=1",
					"$(inherited)",
				);
				GCC_WARN_64_TO_32_BIT_CONVERSION = YES;
				GCC_WARN_ABOUT_RETURN_TYPE = YES_ERROR;
				GCC_WARN_UNDECLARED_SELECTOR = YES;
				GCC_WARN_UNINITIALIZED_AUTOS = YES_AGGRESSIVE;
				GCC_WARN_UNUSED_FUNCTION = YES;
				GCC_WARN_UNUSED_VARIABLE = YES;
				IPHONEOS_DEPLOYMENT_TARGET = 18.0;
				LOCALIZATION_PREFERS_STRING_CATALOGS = YES;
				MTL_ENABLE_DEBUG_INFO = INCLUDE_SOURCE;
				MTL_FAST_MATH = YES;
				ONLY_ACTIVE_ARCH = YES;
				SDKROOT = iphoneos;
				SWIFT_ACTIVE_COMPILATION_CONDITIONS = "DEBUG $(inherited)";
				SWIFT_OPTIMIZATION_LEVEL = "-Onone";
			};
			name = Debug;
		};
		0BF1CDC42CB7D52F00A1A75F /* Release */ = {
			isa = XCBuildConfiguration;
			buildSettings = {
				ALWAYS_SEARCH_USER_PATHS = NO;
				ASSETCATALOG_COMPILER_GENERATE_SWIFT_ASSET_SYMBOL_EXTENSIONS = YES;
				CLANG_ANALYZER_NONNULL = YES;
				CLANG_ANALYZER_NUMBER_OBJECT_CONVERSION = YES_AGGRESSIVE;
				CLANG_CXX_LANGUAGE_STANDARD = "gnu++20";
				CLANG_ENABLE_MODULES = YES;
				CLANG_ENABLE_OBJC_ARC = YES;
				CLANG_ENABLE_OBJC_WEAK = YES;
				CLANG_WARN_BLOCK_CAPTURE_AUTORELEASING = YES;
				CLANG_WARN_BOOL_CONVERSION = YES;
				CLANG_WARN_COMMA = YES;
				CLANG_WARN_CONSTANT_CONVERSION = YES;
				CLANG_WARN_DEPRECATED_OBJC_IMPLEMENTATIONS = YES;
				CLANG_WARN_DIRECT_OBJC_ISA_USAGE = YES_ERROR;
				CLANG_WARN_DOCUMENTATION_COMMENTS = YES;
				CLANG_WARN_EMPTY_BODY = YES;
				CLANG_WARN_ENUM_CONVERSION = YES;
				CLANG_WARN_INFINITE_RECURSION = YES;
				CLANG_WARN_INT_CONVERSION = YES;
				CLANG_WARN_NON_LITERAL_NULL_CONVERSION = YES;
				CLANG_WARN_OBJC_IMPLICIT_RETAIN_SELF = YES;
				CLANG_WARN_OBJC_LITERAL_CONVERSION = YES;
				CLANG_WARN_OBJC_ROOT_CLASS = YES_ERROR;
				CLANG_WARN_QUOTED_INCLUDE_IN_FRAMEWORK_HEADER = YES;
				CLANG_WARN_RANGE_LOOP_ANALYSIS = YES;
				CLANG_WARN_STRICT_PROTOTYPES = YES;
				CLANG_WARN_SUSPICIOUS_MOVE = YES;
				CLANG_WARN_UNGUARDED_AVAILABILITY = YES_AGGRESSIVE;
				CLANG_WARN_UNREACHABLE_CODE = YES;
				CLANG_WARN__DUPLICATE_METHOD_MATCH = YES;
				COPY_PHASE_STRIP = NO;
				DEBUG_INFORMATION_FORMAT = "dwarf-with-dsym";
				ENABLE_NS_ASSERTIONS = NO;
				ENABLE_STRICT_OBJC_MSGSEND = YES;
				ENABLE_USER_SCRIPT_SANDBOXING = YES;
				GCC_C_LANGUAGE_STANDARD = gnu17;
				GCC_NO_COMMON_BLOCKS = YES;
				GCC_WARN_64_TO_32_BIT_CONVERSION = YES;
				GCC_WARN_ABOUT_RETURN_TYPE = YES_ERROR;
				GCC_WARN_UNDECLARED_SELECTOR = YES;
				GCC_WARN_UNINITIALIZED_AUTOS = YES_AGGRESSIVE;
				GCC_WARN_UNUSED_FUNCTION = YES;
				GCC_WARN_UNUSED_VARIABLE = YES;
				IPHONEOS_DEPLOYMENT_TARGET = 18.0;
				LOCALIZATION_PREFERS_STRING_CATALOGS = YES;
				MTL_ENABLE_DEBUG_INFO = NO;
				MTL_FAST_MATH = YES;
				SDKROOT = iphoneos;
				SWIFT_COMPILATION_MODE = wholemodule;
				VALIDATE_PRODUCT = YES;
			};
			name = Release;
		};
		0BF1CDC62CB7D52F00A1A75F /* Debug */ = {
			isa = XCBuildConfiguration;
			buildSettings = {
				ASSETCATALOG_COMPILER_APPICON_NAME = AppIcon;
				ASSETCATALOG_COMPILER_GLOBAL_ACCENT_COLOR_NAME = AccentColor;
				CODE_SIGN_STYLE = Automatic;
				CURRENT_PROJECT_VERSION = 1;
				DEVELOPMENT_ASSET_PATHS = "\"ValoHub/Supporting Files/Preview Content\"";
				DEVELOPMENT_TEAM = RM5H86SRZC;
				ENABLE_PREVIEWS = YES;
				GENERATE_INFOPLIST_FILE = YES;
				INFOPLIST_KEY_UIApplicationSceneManifest_Generation = YES;
				INFOPLIST_KEY_UIApplicationSupportsIndirectInputEvents = YES;
				INFOPLIST_KEY_UILaunchScreen_Generation = YES;
				INFOPLIST_KEY_UISupportedInterfaceOrientations_iPad = "UIInterfaceOrientationPortrait UIInterfaceOrientationPortraitUpsideDown UIInterfaceOrientationLandscapeLeft UIInterfaceOrientationLandscapeRight";
				INFOPLIST_KEY_UISupportedInterfaceOrientations_iPhone = "UIInterfaceOrientationPortrait UIInterfaceOrientationLandscapeLeft UIInterfaceOrientationLandscapeRight";
				LD_RUNPATH_SEARCH_PATHS = (
					"$(inherited)",
					"@executable_path/Frameworks",
				);
				MARKETING_VERSION = 1.0;
				PRODUCT_BUNDLE_IDENTIFIER = jsl.ValoHub;
				PRODUCT_NAME = "$(TARGET_NAME)";
				SWIFT_EMIT_LOC_STRINGS = YES;
				SWIFT_VERSION = 5.0;
				TARGETED_DEVICE_FAMILY = "1,2";
			};
			name = Debug;
		};
		0BF1CDC72CB7D52F00A1A75F /* Release */ = {
			isa = XCBuildConfiguration;
			buildSettings = {
				ASSETCATALOG_COMPILER_APPICON_NAME = AppIcon;
				ASSETCATALOG_COMPILER_GLOBAL_ACCENT_COLOR_NAME = AccentColor;
				CODE_SIGN_STYLE = Automatic;
				CURRENT_PROJECT_VERSION = 1;
				DEVELOPMENT_ASSET_PATHS = "\"ValoHub/Supporting Files/Preview Content\"";
				DEVELOPMENT_TEAM = RM5H86SRZC;
				ENABLE_PREVIEWS = YES;
				GENERATE_INFOPLIST_FILE = YES;
				INFOPLIST_KEY_UIApplicationSceneManifest_Generation = YES;
				INFOPLIST_KEY_UIApplicationSupportsIndirectInputEvents = YES;
				INFOPLIST_KEY_UILaunchScreen_Generation = YES;
				INFOPLIST_KEY_UISupportedInterfaceOrientations_iPad = "UIInterfaceOrientationPortrait UIInterfaceOrientationPortraitUpsideDown UIInterfaceOrientationLandscapeLeft UIInterfaceOrientationLandscapeRight";
				INFOPLIST_KEY_UISupportedInterfaceOrientations_iPhone = "UIInterfaceOrientationPortrait UIInterfaceOrientationLandscapeLeft UIInterfaceOrientationLandscapeRight";
				LD_RUNPATH_SEARCH_PATHS = (
					"$(inherited)",
					"@executable_path/Frameworks",
				);
				MARKETING_VERSION = 1.0;
				PRODUCT_BUNDLE_IDENTIFIER = jsl.ValoHub;
				PRODUCT_NAME = "$(TARGET_NAME)";
				SWIFT_EMIT_LOC_STRINGS = YES;
				SWIFT_VERSION = 5.0;
				TARGETED_DEVICE_FAMILY = "1,2";
			};
			name = Release;
		};
		0BF1CDC92CB7D52F00A1A75F /* Debug */ = {
			isa = XCBuildConfiguration;
			buildSettings = {
				BUNDLE_LOADER = "$(TEST_HOST)";
				CODE_SIGN_STYLE = Automatic;
				CURRENT_PROJECT_VERSION = 1;
				DEVELOPMENT_TEAM = RM5H86SRZC;
				GENERATE_INFOPLIST_FILE = YES;
				IPHONEOS_DEPLOYMENT_TARGET = 18.0;
				MARKETING_VERSION = 1.0;
				PRODUCT_BUNDLE_IDENTIFIER = jsl.ValoHubTests;
				PRODUCT_NAME = "$(TARGET_NAME)";
				SWIFT_EMIT_LOC_STRINGS = NO;
				SWIFT_VERSION = 5.0;
				TARGETED_DEVICE_FAMILY = "1,2";
				TEST_HOST = "$(BUILT_PRODUCTS_DIR)/ValoHub.app/$(BUNDLE_EXECUTABLE_FOLDER_PATH)/ValoHub";
			};
			name = Debug;
		};
		0BF1CDCA2CB7D52F00A1A75F /* Release */ = {
			isa = XCBuildConfiguration;
			buildSettings = {
				BUNDLE_LOADER = "$(TEST_HOST)";
				CODE_SIGN_STYLE = Automatic;
				CURRENT_PROJECT_VERSION = 1;
				DEVELOPMENT_TEAM = RM5H86SRZC;
				GENERATE_INFOPLIST_FILE = YES;
				IPHONEOS_DEPLOYMENT_TARGET = 18.0;
				MARKETING_VERSION = 1.0;
				PRODUCT_BUNDLE_IDENTIFIER = jsl.ValoHubTests;
				PRODUCT_NAME = "$(TARGET_NAME)";
				SWIFT_EMIT_LOC_STRINGS = NO;
				SWIFT_VERSION = 5.0;
				TARGETED_DEVICE_FAMILY = "1,2";
				TEST_HOST = "$(BUILT_PRODUCTS_DIR)/ValoHub.app/$(BUNDLE_EXECUTABLE_FOLDER_PATH)/ValoHub";
			};
			name = Release;
		};
		0BF1CDCC2CB7D52F00A1A75F /* Debug */ = {
			isa = XCBuildConfiguration;
			buildSettings = {
				CODE_SIGN_STYLE = Automatic;
				CURRENT_PROJECT_VERSION = 1;
				DEVELOPMENT_TEAM = RM5H86SRZC;
				GENERATE_INFOPLIST_FILE = YES;
				MARKETING_VERSION = 1.0;
				PRODUCT_BUNDLE_IDENTIFIER = jsl.ValoHubUITests;
				PRODUCT_NAME = "$(TARGET_NAME)";
				SWIFT_EMIT_LOC_STRINGS = NO;
				SWIFT_VERSION = 5.0;
				TARGETED_DEVICE_FAMILY = "1,2";
				TEST_TARGET_NAME = ValoHub;
			};
			name = Debug;
		};
		0BF1CDCD2CB7D52F00A1A75F /* Release */ = {
			isa = XCBuildConfiguration;
			buildSettings = {
				CODE_SIGN_STYLE = Automatic;
				CURRENT_PROJECT_VERSION = 1;
				DEVELOPMENT_TEAM = RM5H86SRZC;
				GENERATE_INFOPLIST_FILE = YES;
				MARKETING_VERSION = 1.0;
				PRODUCT_BUNDLE_IDENTIFIER = jsl.ValoHubUITests;
				PRODUCT_NAME = "$(TARGET_NAME)";
				SWIFT_EMIT_LOC_STRINGS = NO;
				SWIFT_VERSION = 5.0;
				TARGETED_DEVICE_FAMILY = "1,2";
				TEST_TARGET_NAME = ValoHub;
			};
			name = Release;
		};
/* End XCBuildConfiguration section */

/* Begin XCConfigurationList section */
		0BF1CD9C2CB7D52D00A1A75F /* Build configuration list for PBXProject "ValoHub" */ = {
			isa = XCConfigurationList;
			buildConfigurations = (
				0BF1CDC32CB7D52F00A1A75F /* Debug */,
				0BF1CDC42CB7D52F00A1A75F /* Release */,
			);
			defaultConfigurationIsVisible = 0;
			defaultConfigurationName = Release;
		};
		0BF1CDC52CB7D52F00A1A75F /* Build configuration list for PBXNativeTarget "ValoHub" */ = {
			isa = XCConfigurationList;
			buildConfigurations = (
				0BF1CDC62CB7D52F00A1A75F /* Debug */,
				0BF1CDC72CB7D52F00A1A75F /* Release */,
			);
			defaultConfigurationIsVisible = 0;
			defaultConfigurationName = Release;
		};
		0BF1CDC82CB7D52F00A1A75F /* Build configuration list for PBXNativeTarget "ValoHubTests" */ = {
			isa = XCConfigurationList;
			buildConfigurations = (
				0BF1CDC92CB7D52F00A1A75F /* Debug */,
				0BF1CDCA2CB7D52F00A1A75F /* Release */,
			);
			defaultConfigurationIsVisible = 0;
			defaultConfigurationName = Release;
		};
		0BF1CDCB2CB7D52F00A1A75F /* Build configuration list for PBXNativeTarget "ValoHubUITests" */ = {
			isa = XCConfigurationList;
			buildConfigurations = (
				0BF1CDCC2CB7D52F00A1A75F /* Debug */,
				0BF1CDCD2CB7D52F00A1A75F /* Release */,
			);
			defaultConfigurationIsVisible = 0;
			defaultConfigurationName = Release;
		};
/* End XCConfigurationList section */

/* Begin XCRemoteSwiftPackageReference section */
		0BC95B5E2CD68AAE0074CCE9 /* XCRemoteSwiftPackageReference "pure-swift-ui" */ = {
			isa = XCRemoteSwiftPackageReference;
			repositoryURL = "https://github.com/CodeSlicing/pure-swift-ui.git";
			requirement = {
				kind = versionRange;
				maximumVersion = 5.0.0;
				minimumVersion = 3.0.0;
			};
		};
/* End XCRemoteSwiftPackageReference section */

/* Begin XCSwiftPackageProductDependency section */
		0BC95B5F2CD68AAE0074CCE9 /* PureSwiftUI */ = {
			isa = XCSwiftPackageProductDependency;
			package = 0BC95B5E2CD68AAE0074CCE9 /* XCRemoteSwiftPackageReference "pure-swift-ui" */;
			productName = PureSwiftUI;
		};
/* End XCSwiftPackageProductDependency section */
	};
	rootObject = 0BF1CD992CB7D52D00A1A75F /* Project object */;
}
